
Microsoft Visual Studio Solution File, Format Version 12.00
# Visual Studio Version 17
VisualStudioVersion = 17.5.33530.505
MinimumVisualStudioVersion = 10.0.40219.1
Project("{FAE04EC0-301F-11D3-BF4B-00C04F79EFBC}") = "GDTask_10", "GDTask_10\GDTask_10.csproj", "{A2F67A1B-CBEC-46F2-A870-B120E840ACC4}"
EndProject
Global
	GlobalSection(SolutionConfigurationPlatforms) = preSolution
		Debug|Any CPU = Debug|Any CPU
		Release|Any CPU = Release|Any CPU
	EndGlobalSection
	GlobalSection(ProjectConfigurationPlatforms) = postSolution
		{A2F67A1B-CBEC-46F2-A870-B120E840ACC4}.Debug|Any CPU.ActiveCfg = Debug|Any CPU
		{A2F67A1B-CBEC-46F2-A870-B120E840ACC4}.Debug|Any CPU.Build.0 = Debug|Any CPU
		{A2F67A1B-CBEC-46F2-A870-B120E840ACC4}.Release|Any CPU.ActiveCfg = Release|Any CPU
		{A2F67A1B-CBEC-46F2-A870-B120E840ACC4}.Release|Any CPU.Build.0 = Release|Any CPU
	EndGlobalSection
	GlobalSection(SolutionProperties) = preSolution
		HideSolutionNode = FALSE
	EndGlobalSection
	GlobalSection(ExtensibilityGlobals) = postSolution
		SolutionGuid = {58DD4875-180B-4F03-8166-C8198D0B0EF2}
	EndGlobalSection
EndGlobal
